
Microsoft Visual Studio Solution File, Format Version 11.00
# Visual Studio 2010
Project("{FAE04EC0-301F-11D3-BF4B-00C04F79EFBC}") = "ThirtyFour", "ThirtyFour.csproj", "{8DCC4A54-4CE7-438E-88F9-68868684D96A}"
EndProject
Project("{2150E333-8FDC-42A3-9474-1A3956D46DE8}") = "Solution Items", "Solution Items", "{C02A0CC7-2A86-4908-8C4E-B28D9300810B}"
	ProjectSection(SolutionItems) = preProject
		Local.testsettings = Local.testsettings
		ThirtyFour.vsmdi = ThirtyFour.vsmdi
		TraceAndTestImpact.testsettings = TraceAndTestImpact.testsettings
	EndProjectSection
EndProject
Global
	GlobalSection(TestCaseManagementSettings) = postSolution
		CategoryFile = ThirtyFour.vsmdi
	EndGlobalSection
	GlobalSection(SolutionConfigurationPlatforms) = preSolution
		Debug|Any CPU = Debug|Any CPU
		Release|Any CPU = Release|Any CPU
	EndGlobalSection
	GlobalSection(ProjectConfigurationPlatforms) = postSolution
		{8DCC4A54-4CE7-438E-88F9-68868684D96A}.Debug|Any CPU.ActiveCfg = Debug|Any CPU
		{8DCC4A54-4CE7-438E-88F9-68868684D96A}.Debug|Any CPU.Build.0 = Debug|Any CPU
		{8DCC4A54-4CE7-438E-88F9-68868684D96A}.Release|Any CPU.ActiveCfg = Release|Any CPU
		{8DCC4A54-4CE7-438E-88F9-68868684D96A}.Release|Any CPU.Build.0 = Release|Any CPU
	EndGlobalSection
	GlobalSection(SolutionProperties) = preSolution
		HideSolutionNode = FALSE
	EndGlobalSection
EndGlobal
